{
  "version": 1,
  "dependencies": {
    "net7.0": {
      "Microsoft.Extensions.Configuration.Binder": {
        "type": "Direct",
        "requested": "[7.0.4, )",
        "resolved": "7.0.4",
        "contentHash": "8+XPvJnHZsYgHOQlcMuQe7QNF5KdVKHH1F/wW3nd8/u81Gk/XFAYMDP0Lpz18h7/AM95M662vvqMorcYxCBB4w==",
        "dependencies": {
          "Microsoft.Extensions.Configuration.Abstractions": "7.0.0"
        }
      },
      "Microsoft.Extensions.Configuration.Ini": {
        "type": "Direct",
        "requested": "[7.0.0, )",
        "resolved": "7.0.0",
        "contentHash": "+hh7TQd0MNlOMJ7EwuOChu9DffE5vvudNyEQBoUA0feSqhqCfLJ1O837sVs2C/XduHwAzVFyPdWdxH0sa6HLXw==",
        "dependencies": {
          "Microsoft.Extensions.Configuration": "7.0.0",
          "Microsoft.Extensions.Configuration.Abstractions": "7.0.0",
          "Microsoft.Extensions.Configuration.FileExtensions": "7.0.0",
          "Microsoft.Extensions.FileProviders.Abstractions": "7.0.0"
        }
      },
      "Microsoft.Extensions.Configuration": {
        "type": "Transitive",
        "resolved": "7.0.0",
        "contentHash": "tldQUBWt/xeH2K7/hMPPo5g8zuLc3Ro9I5d4o/XrxvxOCA2EZBtW7bCHHTc49fcBtvB8tLAb/Qsmfrq+2SJ4vA==",
        "dependencies": {
          "Microsoft.Extensions.Configuration.Abstractions": "7.0.0",
          "Microsoft.Extensions.Primitives": "7.0.0"
        }
      },
      "Microsoft.Extensions.Configuration.Abstractions": {
        "type": "Transitive",
        "resolved": "7.0.0",
        "contentHash": "f34u2eaqIjNO9YLHBz8rozVZ+TcFiFs0F3r7nUJd7FRkVSxk8u4OpoK226mi49MwexHOR2ibP9MFvRUaLilcQQ==",
        "dependencies": {
          "Microsoft.Extensions.Primitives": "7.0.0"
        }
      },
      "Microsoft.Extensions.Configuration.FileExtensions": {
        "type": "Transitive",
        "resolved": "7.0.0",
        "contentHash": "xk2lRJ1RDuqe57BmgvRPyCt6zyePKUmvT6iuXqiHR+/OIIgWVR8Ff5k2p6DwmqY8a17hx/OnrekEhziEIeQP6Q==",
        "dependencies": {
          "Microsoft.Extensions.Configuration": "7.0.0",
          "Microsoft.Extensions.Configuration.Abstractions": "7.0.0",
          "Microsoft.Extensions.FileProviders.Abstractions": "7.0.0",
          "Microsoft.Extensions.FileProviders.Physical": "7.0.0",
          "Microsoft.Extensions.Primitives": "7.0.0"
        }
      },
      "Microsoft.Extensions.FileProviders.Abstractions": {
        "type": "Transitive",
        "resolved": "7.0.0",
        "contentHash": "NyawiW9ZT/liQb34k9YqBSNPLuuPkrjMgQZ24Y/xXX1RoiBkLUdPMaQTmxhZ5TYu8ZKZ9qayzil75JX95vGQUg==",
        "dependencies": {
          "Microsoft.Extensions.Primitives": "7.0.0"
        }
      },
      "Microsoft.Extensions.FileProviders.Physical": {
        "type": "Transitive",
        "resolved": "7.0.0",
        "contentHash": "K8D2MTR+EtzkbZ8z80LrG7Ur64R7ZZdRLt1J5cgpc/pUWl0C6IkAUapPuK28oionHueCPELUqq0oYEvZfalNdg==",
        "dependencies": {
          "Microsoft.Extensions.FileProviders.Abstractions": "7.0.0",
          "Microsoft.Extensions.FileSystemGlobbing": "7.0.0",
          "Microsoft.Extensions.Primitives": "7.0.0"
        }
      },
      "Microsoft.Extensions.FileSystemGlobbing": {
        "type": "Transitive",
        "resolved": "7.0.0",
        "contentHash": "2jONjKHiF+E92ynz2ZFcr9OvxIw+rTGMPEH+UZGeHTEComVav93jQUWGkso8yWwVBcEJGcNcZAaqY01FFJcj7w=="
      },
      "Microsoft.Extensions.Primitives": {
        "type": "Transitive",
        "resolved": "7.0.0",
        "contentHash": "um1KU5kxcRp3CNuI8o/GrZtD4AIOXDk+RLsytjZ9QPok3ttLUelLKpilVPuaFT3TFjOhSibUAso0odbOaCDj3Q=="
      },
      "urdep.extensions.text": {
        "type": "Project"
      }
    }
  }
}