{
  "version": 1,
  "dependencies": {
    "net8.0": {
      "Base62-Net": {
        "type": "Direct",
        "requested": "[1.2.157201, )",
        "resolved": "1.2.157201",
        "contentHash": "PT956Yciz8tDURLoItPcsWGmXgHLSd+ezkO1Hx+1nfUcv407sNkN3RKOJr0Yas76rC8UzSmNL0OIBuTh8CompA=="
      },
      "urdep.extensions.augmentation": {
        "type": "Project"
      }
    }
  }
}