
Microsoft Visual Studio Solution File, Format Version 12.00
# Visual Studio Version 17
VisualStudioVersion = 17.5.33530.505
MinimumVisualStudioVersion = 10.0.40219.1
Project("{9A19103F-16F7-4668-BE54-9A1E7A4F7556}") = "Urdep.Extensions.CodeGeneration.DictionaryMapper", "Urdep.Extensions.CodeGeneration.DictionaryMapper\Urdep.Extensions.CodeGeneration.DictionaryMapper.csproj", "{03F7CB82-496A-4167-9B12-CE46A88EBE7B}"
EndProject
Project("{9A19103F-16F7-4668-BE54-9A1E7A4F7556}") = "Urdep.Extensions.CodeGeneration.DictionaryMapper.Test", "Urdep.Extensions.CodeGeneration.DictionaryMapper.Test\Urdep.Extensions.CodeGeneration.DictionaryMapper.Test.csproj", "{71DED49C-E9A1-4996-A1A2-10272693A270}"
EndProject
Project("{FAE04EC0-301F-11D3-BF4B-00C04F79EFBC}") = "Urdep.Extensions.CodeGeneration.DictionaryMapper.Meta", "Urdep.Extensions.CodeGeneration.DictionaryMapper.Meta\Urdep.Extensions.CodeGeneration.DictionaryMapper.Meta.csproj", "{503BE591-9668-4590-AEAF-77B0715BF231}"
EndProject
Global
	GlobalSection(SolutionConfigurationPlatforms) = preSolution
		Debug|Any CPU = Debug|Any CPU
		Release|Any CPU = Release|Any CPU
	EndGlobalSection
	GlobalSection(ProjectConfigurationPlatforms) = postSolution
		{03F7CB82-496A-4167-9B12-CE46A88EBE7B}.Debug|Any CPU.ActiveCfg = Debug|Any CPU
		{03F7CB82-496A-4167-9B12-CE46A88EBE7B}.Debug|Any CPU.Build.0 = Debug|Any CPU
		{03F7CB82-496A-4167-9B12-CE46A88EBE7B}.Release|Any CPU.ActiveCfg = Release|Any CPU
		{03F7CB82-496A-4167-9B12-CE46A88EBE7B}.Release|Any CPU.Build.0 = Release|Any CPU
		{71DED49C-E9A1-4996-A1A2-10272693A270}.Debug|Any CPU.ActiveCfg = Debug|Any CPU
		{71DED49C-E9A1-4996-A1A2-10272693A270}.Debug|Any CPU.Build.0 = Debug|Any CPU
		{71DED49C-E9A1-4996-A1A2-10272693A270}.Release|Any CPU.ActiveCfg = Release|Any CPU
		{71DED49C-E9A1-4996-A1A2-10272693A270}.Release|Any CPU.Build.0 = Release|Any CPU
		{503BE591-9668-4590-AEAF-77B0715BF231}.Debug|Any CPU.ActiveCfg = Debug|Any CPU
		{503BE591-9668-4590-AEAF-77B0715BF231}.Debug|Any CPU.Build.0 = Debug|Any CPU
		{503BE591-9668-4590-AEAF-77B0715BF231}.Release|Any CPU.ActiveCfg = Release|Any CPU
		{503BE591-9668-4590-AEAF-77B0715BF231}.Release|Any CPU.Build.0 = Release|Any CPU
	EndGlobalSection
	GlobalSection(SolutionProperties) = preSolution
		HideSolutionNode = FALSE
	EndGlobalSection
	GlobalSection(ExtensibilityGlobals) = postSolution
		SolutionGuid = {E46E5EB1-4E46-4FEC-890A-AAFBE5000CF6}
	EndGlobalSection
EndGlobal
