
Microsoft Visual Studio Solution File, Format Version 12.00
# Visual Studio Version 17
VisualStudioVersion = 17.4.33213.308
MinimumVisualStudioVersion = 10.0.40219.1
Project("{2150E333-8FDC-42A3-9474-1A3956D46DE8}") = "Applications", "Applications", "{6ADAB69A-E1DC-491F-B935-CCB6218188AC}"
EndProject
Project("{9A19103F-16F7-4668-BE54-9A1E7A4F7556}") = "MapperCodeGen", "Applications\MapperCodeGen\MapperCodeGen.csproj", "{77E34BDC-0790-47CA-BB80-81E6EDAC1B55}"
EndProject
Project("{9A19103F-16F7-4668-BE54-9A1E7A4F7556}") = "MapperCodeGen.Test", "Applications\MapperCodeGen.Test\MapperCodeGen.Test.csproj", "{28A4FD8C-B0A9-420C-A708-5AC3074131A9}"
EndProject
Global
	GlobalSection(SolutionConfigurationPlatforms) = preSolution
		Debug|Any CPU = Debug|Any CPU
		Release|Any CPU = Release|Any CPU
	EndGlobalSection
	GlobalSection(ProjectConfigurationPlatforms) = postSolution
		{77E34BDC-0790-47CA-BB80-81E6EDAC1B55}.Debug|Any CPU.ActiveCfg = Debug|Any CPU
		{77E34BDC-0790-47CA-BB80-81E6EDAC1B55}.Debug|Any CPU.Build.0 = Debug|Any CPU
		{77E34BDC-0790-47CA-BB80-81E6EDAC1B55}.Release|Any CPU.ActiveCfg = Release|Any CPU
		{77E34BDC-0790-47CA-BB80-81E6EDAC1B55}.Release|Any CPU.Build.0 = Release|Any CPU
		{28A4FD8C-B0A9-420C-A708-5AC3074131A9}.Debug|Any CPU.ActiveCfg = Debug|Any CPU
		{28A4FD8C-B0A9-420C-A708-5AC3074131A9}.Debug|Any CPU.Build.0 = Debug|Any CPU
		{28A4FD8C-B0A9-420C-A708-5AC3074131A9}.Release|Any CPU.ActiveCfg = Release|Any CPU
		{28A4FD8C-B0A9-420C-A708-5AC3074131A9}.Release|Any CPU.Build.0 = Release|Any CPU
	EndGlobalSection
	GlobalSection(SolutionProperties) = preSolution
		HideSolutionNode = FALSE
	EndGlobalSection
	GlobalSection(NestedProjects) = preSolution
		{77E34BDC-0790-47CA-BB80-81E6EDAC1B55} = {6ADAB69A-E1DC-491F-B935-CCB6218188AC}
		{28A4FD8C-B0A9-420C-A708-5AC3074131A9} = {6ADAB69A-E1DC-491F-B935-CCB6218188AC}
	EndGlobalSection
	GlobalSection(ExtensibilityGlobals) = postSolution
		SolutionGuid = {B0365066-0E78-40E3-8E57-5CD158A5D520}
	EndGlobalSection
EndGlobal
