
Microsoft Visual Studio Solution File, Format Version 12.00
# Visual Studio Version 17
VisualStudioVersion = 17.4.33213.308
MinimumVisualStudioVersion = 10.0.40219.1
Project("{9A19103F-16F7-4668-BE54-9A1E7A4F7556}") = "Urdep.Extensions.Augmentation", "Urdep.Extensions.Augmentation\Urdep.Extensions.Augmentation.csproj", "{DBB67A79-3806-4864-9E77-2D093731DBCE}"
EndProject
Project("{9A19103F-16F7-4668-BE54-9A1E7A4F7556}") = "Urdep.Extensions.Data", "Urdep.Extensions.Data\Urdep.Extensions.Data.csproj", "{8BA388D3-27FB-4009-8ACF-1CCE709F2382}"
EndProject
Project("{9A19103F-16F7-4668-BE54-9A1E7A4F7556}") = "Urdep.Extensions.Text", "Urdep.Extensions.Text\Urdep.Extensions.Text.csproj", "{3CE5D82C-33BD-4C6E-9AE8-A83DF57E2A03}"
EndProject
Project("{2150E333-8FDC-42A3-9474-1A3956D46DE8}") = "Applications", "Applications", "{6ADAB69A-E1DC-491F-B935-CCB6218188AC}"
EndProject
Project("{9A19103F-16F7-4668-BE54-9A1E7A4F7556}") = "Align", "Applications\Align\Align.csproj", "{19224884-1AE6-4DFC-AFB5-75E07CC481BE}"
EndProject
Project("{9A19103F-16F7-4668-BE54-9A1E7A4F7556}") = "TrackingCopyTool", "Applications\TrackingCopyTool\TrackingCopyTool.csproj", "{FEDD7402-E5A0-4752-9ECD-709644D28600}"
EndProject
Project("{9A19103F-16F7-4668-BE54-9A1E7A4F7556}") = "Urdep.Extensions.FileSystem", "Urdep.Extensions.FileSystem\Urdep.Extensions.FileSystem.csproj", "{AD63B600-09CA-43C8-9BB5-79C0D9175AED}"
EndProject
Project("{9A19103F-16F7-4668-BE54-9A1E7A4F7556}") = "targets", "..\targets\targets.csproj", "{906A3015-1175-4523-994D-15FDE99B0402}"
EndProject
Project("{9A19103F-16F7-4668-BE54-9A1E7A4F7556}") = "Tests", "Tests\Tests.csproj", "{B84305D0-C582-466F-8EAA-DEC086B109DA}"
EndProject
Project("{9A19103F-16F7-4668-BE54-9A1E7A4F7556}") = "SimpleTransformer", "Applications\SimpleTransformer\SimpleTransformer.csproj", "{1E047F08-7E0E-4462-8F81-453C50DC93C7}"
EndProject
Global
	GlobalSection(SolutionConfigurationPlatforms) = preSolution
		Debug|Any CPU = Debug|Any CPU
		Release|Any CPU = Release|Any CPU
	EndGlobalSection
	GlobalSection(ProjectConfigurationPlatforms) = postSolution
		{DBB67A79-3806-4864-9E77-2D093731DBCE}.Debug|Any CPU.ActiveCfg = Debug|Any CPU
		{DBB67A79-3806-4864-9E77-2D093731DBCE}.Debug|Any CPU.Build.0 = Debug|Any CPU
		{DBB67A79-3806-4864-9E77-2D093731DBCE}.Release|Any CPU.ActiveCfg = Release|Any CPU
		{DBB67A79-3806-4864-9E77-2D093731DBCE}.Release|Any CPU.Build.0 = Release|Any CPU
		{8BA388D3-27FB-4009-8ACF-1CCE709F2382}.Debug|Any CPU.ActiveCfg = Debug|Any CPU
		{8BA388D3-27FB-4009-8ACF-1CCE709F2382}.Debug|Any CPU.Build.0 = Debug|Any CPU
		{8BA388D3-27FB-4009-8ACF-1CCE709F2382}.Release|Any CPU.ActiveCfg = Release|Any CPU
		{8BA388D3-27FB-4009-8ACF-1CCE709F2382}.Release|Any CPU.Build.0 = Release|Any CPU
		{3CE5D82C-33BD-4C6E-9AE8-A83DF57E2A03}.Debug|Any CPU.ActiveCfg = Debug|Any CPU
		{3CE5D82C-33BD-4C6E-9AE8-A83DF57E2A03}.Debug|Any CPU.Build.0 = Debug|Any CPU
		{3CE5D82C-33BD-4C6E-9AE8-A83DF57E2A03}.Release|Any CPU.ActiveCfg = Release|Any CPU
		{3CE5D82C-33BD-4C6E-9AE8-A83DF57E2A03}.Release|Any CPU.Build.0 = Release|Any CPU
		{19224884-1AE6-4DFC-AFB5-75E07CC481BE}.Debug|Any CPU.ActiveCfg = Debug|Any CPU
		{19224884-1AE6-4DFC-AFB5-75E07CC481BE}.Debug|Any CPU.Build.0 = Debug|Any CPU
		{19224884-1AE6-4DFC-AFB5-75E07CC481BE}.Release|Any CPU.ActiveCfg = Release|Any CPU
		{19224884-1AE6-4DFC-AFB5-75E07CC481BE}.Release|Any CPU.Build.0 = Release|Any CPU
		{FEDD7402-E5A0-4752-9ECD-709644D28600}.Debug|Any CPU.ActiveCfg = Debug|Any CPU
		{FEDD7402-E5A0-4752-9ECD-709644D28600}.Debug|Any CPU.Build.0 = Debug|Any CPU
		{FEDD7402-E5A0-4752-9ECD-709644D28600}.Release|Any CPU.ActiveCfg = Release|Any CPU
		{FEDD7402-E5A0-4752-9ECD-709644D28600}.Release|Any CPU.Build.0 = Release|Any CPU
		{AD63B600-09CA-43C8-9BB5-79C0D9175AED}.Debug|Any CPU.ActiveCfg = Debug|Any CPU
		{AD63B600-09CA-43C8-9BB5-79C0D9175AED}.Debug|Any CPU.Build.0 = Debug|Any CPU
		{AD63B600-09CA-43C8-9BB5-79C0D9175AED}.Release|Any CPU.ActiveCfg = Release|Any CPU
		{AD63B600-09CA-43C8-9BB5-79C0D9175AED}.Release|Any CPU.Build.0 = Release|Any CPU
		{906A3015-1175-4523-994D-15FDE99B0402}.Debug|Any CPU.ActiveCfg = Debug|Any CPU
		{906A3015-1175-4523-994D-15FDE99B0402}.Debug|Any CPU.Build.0 = Debug|Any CPU
		{906A3015-1175-4523-994D-15FDE99B0402}.Release|Any CPU.ActiveCfg = Release|Any CPU
		{906A3015-1175-4523-994D-15FDE99B0402}.Release|Any CPU.Build.0 = Release|Any CPU
		{B84305D0-C582-466F-8EAA-DEC086B109DA}.Debug|Any CPU.ActiveCfg = Debug|Any CPU
		{B84305D0-C582-466F-8EAA-DEC086B109DA}.Debug|Any CPU.Build.0 = Debug|Any CPU
		{B84305D0-C582-466F-8EAA-DEC086B109DA}.Release|Any CPU.ActiveCfg = Release|Any CPU
		{B84305D0-C582-466F-8EAA-DEC086B109DA}.Release|Any CPU.Build.0 = Release|Any CPU
		{1E047F08-7E0E-4462-8F81-453C50DC93C7}.Debug|Any CPU.ActiveCfg = Debug|Any CPU
		{1E047F08-7E0E-4462-8F81-453C50DC93C7}.Debug|Any CPU.Build.0 = Debug|Any CPU
		{1E047F08-7E0E-4462-8F81-453C50DC93C7}.Release|Any CPU.ActiveCfg = Release|Any CPU
		{1E047F08-7E0E-4462-8F81-453C50DC93C7}.Release|Any CPU.Build.0 = Release|Any CPU
	EndGlobalSection
	GlobalSection(SolutionProperties) = preSolution
		HideSolutionNode = FALSE
	EndGlobalSection
	GlobalSection(NestedProjects) = preSolution
		{19224884-1AE6-4DFC-AFB5-75E07CC481BE} = {6ADAB69A-E1DC-491F-B935-CCB6218188AC}
		{FEDD7402-E5A0-4752-9ECD-709644D28600} = {6ADAB69A-E1DC-491F-B935-CCB6218188AC}
		{1E047F08-7E0E-4462-8F81-453C50DC93C7} = {6ADAB69A-E1DC-491F-B935-CCB6218188AC}
	EndGlobalSection
	GlobalSection(ExtensibilityGlobals) = postSolution
		SolutionGuid = {B0365066-0E78-40E3-8E57-5CD158A5D520}
	EndGlobalSection
EndGlobal
